<?xml version="1.0" encoding="utf-8"?>
<Project ToolsVersion="4.0" xmlns="http://schemas.microsoft.com/developer/msbuild/2003">
  <ItemGroup>
    <Filter Include="Source Files">
      <UniqueIdentifier>{4FC737F1-C7A5-4376-A066-2A32D752A2FF}</UniqueIdentifier>
      <Extensions>cpp;c;cc;cxx;def;odl;idl;hpj;bat;asm;asmx</Extensions>
    </Filter>
  </ItemGroup>
  <ItemGroup>
    <ClCompile Include="main.c">
      <Filter>Source Files</Filter>
    </ClCompile>
    <ClCompile Include="..\..\snippets\scan_devices.c">
      <Filter>Source Files</Filter>
    </ClCompile>
    <ClCompile Include="..\..\lwow\src\devices\lwow_device_ds18x20.c">
      <Filter>Source Files</Filter>
    </ClCompile>
    <ClCompile Include="..\..\lwow\src\lwow\lwow.c">
      <Filter>Source Files</Filter>
    </ClCompile>
    <ClCompile Include="..\..\lwow\src\system\lwow_ll_win32.c">
      <Filter>Source Files</Filter>
    </ClCompile>
    <ClCompile Include="..\..\lwow\src\system\lwow_sys_win32.c">
      <Filter>Source Files</Filter>
    </ClCompile>
  </ItemGroup>
</Project>